
Microsoft Visual Studio Solution File, Format Version 12.00
# Visual Studio Version 17
VisualStudioVersion = 17.13.35828.75 d17.13
MinimumVisualStudioVersion = 10.0.40219.1
Project("{FAE04EC0-301F-11D3-BF4B-00C04F79EFBC}") = "NetWinformsTest", "NetWinformsTest\NetWinformsTest.csproj", "{FA603BA2-0664-4BFC-9FF0-83F44C4D865F}"
EndProject
Global
	GlobalSection(SolutionConfigurationPlatforms) = preSolution
		Debug|Any CPU = Debug|Any CPU
		Release|Any CPU = Release|Any CPU
	EndGlobalSection
	GlobalSection(ProjectConfigurationPlatforms) = postSolution
		{FA603BA2-0664-4BFC-9FF0-83F44C4D865F}.Debug|Any CPU.ActiveCfg = Debug|Any CPU
		{FA603BA2-0664-4BFC-9FF0-83F44C4D865F}.Debug|Any CPU.Build.0 = Debug|Any CPU
		{FA603BA2-0664-4BFC-9FF0-83F44C4D865F}.Release|Any CPU.ActiveCfg = Release|Any CPU
		{FA603BA2-0664-4BFC-9FF0-83F44C4D865F}.Release|Any CPU.Build.0 = Release|Any CPU
	EndGlobalSection
	GlobalSection(SolutionProperties) = preSolution
		HideSolutionNode = FALSE
	EndGlobalSection
	GlobalSection(ExtensibilityGlobals) = postSolution
		SolutionGuid = {A76AA3BC-F11A-40E5-A6D0-BB140E846B02}
	EndGlobalSection
EndGlobal
